
Microsoft Visual Studio Solution File, Format Version 12.00
# Visual Studio 15
VisualStudioVersion = 15.0.26124.0
MinimumVisualStudioVersion = 15.0.26124.0
Project("{2150E333-8FDC-42A3-9474-1A3956D46DE8}") = "src", "src", "{F738F077-7409-462E-8A25-8D771C5BBC21}"
EndProject
Project("{FAE04EC0-301F-11D3-BF4B-00C04F79EFBC}") = "GADev.BarberPoint.Api", "src\GADev.BarberPoint.Api\GADev.BarberPoint.Api.csproj", "{CE7B8BDB-B780-4999-A823-F698D41C8E7F}"
EndProject
Project("{FAE04EC0-301F-11D3-BF4B-00C04F79EFBC}") = "GADev.BarberPoint.Application", "src\GADev.BarberPoint.Application\GADev.BarberPoint.Application.csproj", "{5B8953B3-9EAF-4D67-B74A-40799EAB4ACC}"
EndProject
Project("{FAE04EC0-301F-11D3-BF4B-00C04F79EFBC}") = "GADev.BarberPoint.Domain", "src\GADev.BarberPoint.Domain\GADev.BarberPoint.Domain.csproj", "{24961150-9865-42E1-8A36-91E40248F667}"
EndProject
Project("{FAE04EC0-301F-11D3-BF4B-00C04F79EFBC}") = "GADev.BarberPoint.Infrastructure", "src\GADev.BarberPoint.Infrastructure\GADev.BarberPoint.Infrastructure.csproj", "{C4DDF773-435E-42D6-A784-60A8C8E45297}"
EndProject
Project("{FAE04EC0-301F-11D3-BF4B-00C04F79EFBC}") = "GADev.BarberPoint.Identity", "src\GADev.BarberPoint.Identity\GADev.BarberPoint.Identity.csproj", "{5A8A6FC0-B0EB-4177-8F19-03578A776EFD}"
EndProject
Project("{FAE04EC0-301F-11D3-BF4B-00C04F79EFBC}") = "GADev.BarberPoint.CrossCutting.IoC", "src\GADev.BarberPoint.CrossCutting.IoC\GADev.BarberPoint.CrossCutting.IoC.csproj", "{8FBE3E15-6D07-49CF-9F1E-3063065C842D}"
EndProject
Project("{FAE04EC0-301F-11D3-BF4B-00C04F79EFBC}") = "GADev.BarberPoint.CrossCutting.Identity", "src\GADev.BarberPoint.CrossCutting.Identity\GADev.BarberPoint.CrossCutting.Identity.csproj", "{ED91676F-F14E-4BBE-A3B0-83FCD909A171}"
EndProject
Global
	GlobalSection(SolutionConfigurationPlatforms) = preSolution
		Debug|Any CPU = Debug|Any CPU
		Debug|x64 = Debug|x64
		Debug|x86 = Debug|x86
		Release|Any CPU = Release|Any CPU
		Release|x64 = Release|x64
		Release|x86 = Release|x86
	EndGlobalSection
	GlobalSection(SolutionProperties) = preSolution
		HideSolutionNode = FALSE
	EndGlobalSection
	GlobalSection(ProjectConfigurationPlatforms) = postSolution
		{CE7B8BDB-B780-4999-A823-F698D41C8E7F}.Debug|Any CPU.ActiveCfg = Debug|Any CPU
		{CE7B8BDB-B780-4999-A823-F698D41C8E7F}.Debug|Any CPU.Build.0 = Debug|Any CPU
		{CE7B8BDB-B780-4999-A823-F698D41C8E7F}.Debug|x64.ActiveCfg = Debug|Any CPU
		{CE7B8BDB-B780-4999-A823-F698D41C8E7F}.Debug|x64.Build.0 = Debug|Any CPU
		{CE7B8BDB-B780-4999-A823-F698D41C8E7F}.Debug|x86.ActiveCfg = Debug|Any CPU
		{CE7B8BDB-B780-4999-A823-F698D41C8E7F}.Debug|x86.Build.0 = Debug|Any CPU
		{CE7B8BDB-B780-4999-A823-F698D41C8E7F}.Release|Any CPU.ActiveCfg = Release|Any CPU
		{CE7B8BDB-B780-4999-A823-F698D41C8E7F}.Release|Any CPU.Build.0 = Release|Any CPU
		{CE7B8BDB-B780-4999-A823-F698D41C8E7F}.Release|x64.ActiveCfg = Release|Any CPU
		{CE7B8BDB-B780-4999-A823-F698D41C8E7F}.Release|x64.Build.0 = Release|Any CPU
		{CE7B8BDB-B780-4999-A823-F698D41C8E7F}.Release|x86.ActiveCfg = Release|Any CPU
		{CE7B8BDB-B780-4999-A823-F698D41C8E7F}.Release|x86.Build.0 = Release|Any CPU
		{5B8953B3-9EAF-4D67-B74A-40799EAB4ACC}.Debug|Any CPU.ActiveCfg = Debug|Any CPU
		{5B8953B3-9EAF-4D67-B74A-40799EAB4ACC}.Debug|Any CPU.Build.0 = Debug|Any CPU
		{5B8953B3-9EAF-4D67-B74A-40799EAB4ACC}.Debug|x64.ActiveCfg = Debug|Any CPU
		{5B8953B3-9EAF-4D67-B74A-40799EAB4ACC}.Debug|x64.Build.0 = Debug|Any CPU
		{5B8953B3-9EAF-4D67-B74A-40799EAB4ACC}.Debug|x86.ActiveCfg = Debug|Any CPU
		{5B8953B3-9EAF-4D67-B74A-40799EAB4ACC}.Debug|x86.Build.0 = Debug|Any CPU
		{5B8953B3-9EAF-4D67-B74A-40799EAB4ACC}.Release|Any CPU.ActiveCfg = Release|Any CPU
		{5B8953B3-9EAF-4D67-B74A-40799EAB4ACC}.Release|Any CPU.Build.0 = Release|Any CPU
		{5B8953B3-9EAF-4D67-B74A-40799EAB4ACC}.Release|x64.ActiveCfg = Release|Any CPU
		{5B8953B3-9EAF-4D67-B74A-40799EAB4ACC}.Release|x64.Build.0 = Release|Any CPU
		{5B8953B3-9EAF-4D67-B74A-40799EAB4ACC}.Release|x86.ActiveCfg = Release|Any CPU
		{5B8953B3-9EAF-4D67-B74A-40799EAB4ACC}.Release|x86.Build.0 = Release|Any CPU
		{24961150-9865-42E1-8A36-91E40248F667}.Debug|Any CPU.ActiveCfg = Debug|Any CPU
		{24961150-9865-42E1-8A36-91E40248F667}.Debug|Any CPU.Build.0 = Debug|Any CPU
		{24961150-9865-42E1-8A36-91E40248F667}.Debug|x64.ActiveCfg = Debug|Any CPU
		{24961150-9865-42E1-8A36-91E40248F667}.Debug|x64.Build.0 = Debug|Any CPU
		{24961150-9865-42E1-8A36-91E40248F667}.Debug|x86.ActiveCfg = Debug|Any CPU
		{24961150-9865-42E1-8A36-91E40248F667}.Debug|x86.Build.0 = Debug|Any CPU
		{24961150-9865-42E1-8A36-91E40248F667}.Release|Any CPU.ActiveCfg = Release|Any CPU
		{24961150-9865-42E1-8A36-91E40248F667}.Release|Any CPU.Build.0 = Release|Any CPU
		{24961150-9865-42E1-8A36-91E40248F667}.Release|x64.ActiveCfg = Release|Any CPU
		{24961150-9865-42E1-8A36-91E40248F667}.Release|x64.Build.0 = Release|Any CPU
		{24961150-9865-42E1-8A36-91E40248F667}.Release|x86.ActiveCfg = Release|Any CPU
		{24961150-9865-42E1-8A36-91E40248F667}.Release|x86.Build.0 = Release|Any CPU
		{C4DDF773-435E-42D6-A784-60A8C8E45297}.Debug|Any CPU.ActiveCfg = Debug|Any CPU
		{C4DDF773-435E-42D6-A784-60A8C8E45297}.Debug|Any CPU.Build.0 = Debug|Any CPU
		{C4DDF773-435E-42D6-A784-60A8C8E45297}.Debug|x64.ActiveCfg = Debug|Any CPU
		{C4DDF773-435E-42D6-A784-60A8C8E45297}.Debug|x64.Build.0 = Debug|Any CPU
		{C4DDF773-435E-42D6-A784-60A8C8E45297}.Debug|x86.ActiveCfg = Debug|Any CPU
		{C4DDF773-435E-42D6-A784-60A8C8E45297}.Debug|x86.Build.0 = Debug|Any CPU
		{C4DDF773-435E-42D6-A784-60A8C8E45297}.Release|Any CPU.ActiveCfg = Release|Any CPU
		{C4DDF773-435E-42D6-A784-60A8C8E45297}.Release|Any CPU.Build.0 = Release|Any CPU
		{C4DDF773-435E-42D6-A784-60A8C8E45297}.Release|x64.ActiveCfg = Release|Any CPU
		{C4DDF773-435E-42D6-A784-60A8C8E45297}.Release|x64.Build.0 = Release|Any CPU
		{C4DDF773-435E-42D6-A784-60A8C8E45297}.Release|x86.ActiveCfg = Release|Any CPU
		{C4DDF773-435E-42D6-A784-60A8C8E45297}.Release|x86.Build.0 = Release|Any CPU
		{5A8A6FC0-B0EB-4177-8F19-03578A776EFD}.Debug|Any CPU.ActiveCfg = Debug|Any CPU
		{5A8A6FC0-B0EB-4177-8F19-03578A776EFD}.Debug|Any CPU.Build.0 = Debug|Any CPU
		{5A8A6FC0-B0EB-4177-8F19-03578A776EFD}.Debug|x64.ActiveCfg = Debug|Any CPU
		{5A8A6FC0-B0EB-4177-8F19-03578A776EFD}.Debug|x64.Build.0 = Debug|Any CPU
		{5A8A6FC0-B0EB-4177-8F19-03578A776EFD}.Debug|x86.ActiveCfg = Debug|Any CPU
		{5A8A6FC0-B0EB-4177-8F19-03578A776EFD}.Debug|x86.Build.0 = Debug|Any CPU
		{5A8A6FC0-B0EB-4177-8F19-03578A776EFD}.Release|Any CPU.ActiveCfg = Release|Any CPU
		{5A8A6FC0-B0EB-4177-8F19-03578A776EFD}.Release|Any CPU.Build.0 = Release|Any CPU
		{5A8A6FC0-B0EB-4177-8F19-03578A776EFD}.Release|x64.ActiveCfg = Release|Any CPU
		{5A8A6FC0-B0EB-4177-8F19-03578A776EFD}.Release|x64.Build.0 = Release|Any CPU
		{5A8A6FC0-B0EB-4177-8F19-03578A776EFD}.Release|x86.ActiveCfg = Release|Any CPU
		{5A8A6FC0-B0EB-4177-8F19-03578A776EFD}.Release|x86.Build.0 = Release|Any CPU
		{8FBE3E15-6D07-49CF-9F1E-3063065C842D}.Debug|Any CPU.ActiveCfg = Debug|Any CPU
		{8FBE3E15-6D07-49CF-9F1E-3063065C842D}.Debug|Any CPU.Build.0 = Debug|Any CPU
		{8FBE3E15-6D07-49CF-9F1E-3063065C842D}.Debug|x64.ActiveCfg = Debug|Any CPU
		{8FBE3E15-6D07-49CF-9F1E-3063065C842D}.Debug|x64.Build.0 = Debug|Any CPU
		{8FBE3E15-6D07-49CF-9F1E-3063065C842D}.Debug|x86.ActiveCfg = Debug|Any CPU
		{8FBE3E15-6D07-49CF-9F1E-3063065C842D}.Debug|x86.Build.0 = Debug|Any CPU
		{8FBE3E15-6D07-49CF-9F1E-3063065C842D}.Release|Any CPU.ActiveCfg = Release|Any CPU
		{8FBE3E15-6D07-49CF-9F1E-3063065C842D}.Release|Any CPU.Build.0 = Release|Any CPU
		{8FBE3E15-6D07-49CF-9F1E-3063065C842D}.Release|x64.ActiveCfg = Release|Any CPU
		{8FBE3E15-6D07-49CF-9F1E-3063065C842D}.Release|x64.Build.0 = Release|Any CPU
		{8FBE3E15-6D07-49CF-9F1E-3063065C842D}.Release|x86.ActiveCfg = Release|Any CPU
		{8FBE3E15-6D07-49CF-9F1E-3063065C842D}.Release|x86.Build.0 = Release|Any CPU
		{ED91676F-F14E-4BBE-A3B0-83FCD909A171}.Debug|Any CPU.ActiveCfg = Debug|Any CPU
		{ED91676F-F14E-4BBE-A3B0-83FCD909A171}.Debug|Any CPU.Build.0 = Debug|Any CPU
		{ED91676F-F14E-4BBE-A3B0-83FCD909A171}.Debug|x64.ActiveCfg = Debug|Any CPU
		{ED91676F-F14E-4BBE-A3B0-83FCD909A171}.Debug|x64.Build.0 = Debug|Any CPU
		{ED91676F-F14E-4BBE-A3B0-83FCD909A171}.Debug|x86.ActiveCfg = Debug|Any CPU
		{ED91676F-F14E-4BBE-A3B0-83FCD909A171}.Debug|x86.Build.0 = Debug|Any CPU
		{ED91676F-F14E-4BBE-A3B0-83FCD909A171}.Release|Any CPU.ActiveCfg = Release|Any CPU
		{ED91676F-F14E-4BBE-A3B0-83FCD909A171}.Release|Any CPU.Build.0 = Release|Any CPU
		{ED91676F-F14E-4BBE-A3B0-83FCD909A171}.Release|x64.ActiveCfg = Release|Any CPU
		{ED91676F-F14E-4BBE-A3B0-83FCD909A171}.Release|x64.Build.0 = Release|Any CPU
		{ED91676F-F14E-4BBE-A3B0-83FCD909A171}.Release|x86.ActiveCfg = Release|Any CPU
		{ED91676F-F14E-4BBE-A3B0-83FCD909A171}.Release|x86.Build.0 = Release|Any CPU
	EndGlobalSection
	GlobalSection(NestedProjects) = preSolution
		{CE7B8BDB-B780-4999-A823-F698D41C8E7F} = {F738F077-7409-462E-8A25-8D771C5BBC21}
		{5B8953B3-9EAF-4D67-B74A-40799EAB4ACC} = {F738F077-7409-462E-8A25-8D771C5BBC21}
		{24961150-9865-42E1-8A36-91E40248F667} = {F738F077-7409-462E-8A25-8D771C5BBC21}
		{C4DDF773-435E-42D6-A784-60A8C8E45297} = {F738F077-7409-462E-8A25-8D771C5BBC21}
		{5A8A6FC0-B0EB-4177-8F19-03578A776EFD} = {F738F077-7409-462E-8A25-8D771C5BBC21}
		{8FBE3E15-6D07-49CF-9F1E-3063065C842D} = {F738F077-7409-462E-8A25-8D771C5BBC21}
		{ED91676F-F14E-4BBE-A3B0-83FCD909A171} = {F738F077-7409-462E-8A25-8D771C5BBC21}
	EndGlobalSection
EndGlobal
